PODS:
  - Flutter (1.0.0)
  - flutter_wallet (0.0.1):
    - Flutter

DEPENDENCIES:
  - Flutter (from `.symlinks/flutter/ios`)
  - flutter_wallet (from `.symlinks/plugins/flutter_wallet/ios`)

EXTERNAL SOURCES:
  Flutter:
    :path: ".symlinks/flutter/ios"
  flutter_wallet:
    :path: ".symlinks/plugins/flutter_wallet/ios"

SPEC CHECKSUMS:
  Flutter: 58dd7d1b27887414a370fcccb9e645c08ffd7a6a
  flutter_wallet: 28ee392bfd5492527a1d209272630f8a5544b65a

PODFILE CHECKSUM: aff02bfeed411c636180d6812254b2daeea14d09

COCOAPODS: 1.6.0
